{
  "name": "ex3",
  "version": "1.0.0",
  "lockfileVersion": 2,
  "requires": true,
  "packages": {
    "": {
      "name": "ex3",
      "version": "1.0.0",
      "license": "ISC",
      "dependencies": {
        "chalk": "^5.0.1",
        "commander": "^9.3.0",
        "mondayu-logger-assh": "^1.0.2"
      }
    },
    "node_modules/chalk": {
      "version": "5.0.1",
      "resolved": "https://registry.npmjs.org/chalk/-/chalk-5.0.1.tgz",
      "integrity": "sha512-Fo07WOYGqMfCWHOzSXOt2CxDbC6skS/jO9ynEcmpANMoPrD+W1r1K6Vx7iNm+AQmETU1Xr2t+n8nzkV9t6xh3w==",
      "engines": {
        "node": "^12.17.0 || ^14.13 || >=16.0.0"
      },
      "funding": {
        "url": "https://github.com/chalk/chalk?sponsor=1"
      }
    },
    "node_modules/commander": {
      "version": "9.3.0",
      "resolved": "https://registry.npmjs.org/commander/-/commander-9.3.0.tgz",
      "integrity": "sha512-hv95iU5uXPbK83mjrJKuZyFM/LBAoCV/XhVGkS5Je6tl7sxr6A0ITMw5WoRV46/UaJ46Nllm3Xt7IaJhXTIkzw==",
      "engines": {
        "node": "^12.20.0 || >=14"
      }
    },
    "node_modules/mondayu-logger-assh": {
      "version": "1.0.2",
      "resolved": "https://registry.npmjs.org/mondayu-logger-assh/-/mondayu-logger-assh-1.0.2.tgz",
      "integrity": "sha512-UAk9vOAwbN+7/WMoWgk0kSi2PiFkG1UtTJHP0U7q5FHAWHo7v+L5YynVrGmsQl47TMfArKM+KJFQifx0RL2kwA=="
    }
  },
  "dependencies": {
    "chalk": {
      "version": "5.0.1",
      "resolved": "https://registry.npmjs.org/chalk/-/chalk-5.0.1.tgz",
      "integrity": "sha512-Fo07WOYGqMfCWHOzSXOt2CxDbC6skS/jO9ynEcmpANMoPrD+W1r1K6Vx7iNm+AQmETU1Xr2t+n8nzkV9t6xh3w=="
    },
    "commander": {
      "version": "9.3.0",
      "resolved": "https://registry.npmjs.org/commander/-/commander-9.3.0.tgz",
      "integrity": "sha512-hv95iU5uXPbK83mjrJKuZyFM/LBAoCV/XhVGkS5Je6tl7sxr6A0ITMw5WoRV46/UaJ46Nllm3Xt7IaJhXTIkzw=="
    },
    "mondayu-logger-assh": {
      "version": "1.0.2",
      "resolved": "https://registry.npmjs.org/mondayu-logger-assh/-/mondayu-logger-assh-1.0.2.tgz",
      "integrity": "sha512-UAk9vOAwbN+7/WMoWgk0kSi2PiFkG1UtTJHP0U7q5FHAWHo7v+L5YynVrGmsQl47TMfArKM+KJFQifx0RL2kwA=="
    }
  }
}
